// !$*UTF8*$!
{
	archiveVersion = 1;
	classes = {
	};
	objectVersion = 50;
	objects = {

/* Begin PBXBuildFile section */
		3020C430261D14B6006257AD /* clue-set_empty-image.json in Resources */ = {isa = PBXBuildFile; fileRef = 3020C42F261D14B6006257AD /* clue-set_empty-image.json */; };
		3020C439261E2F56006257AD /* AppState.swift in Sources */ = {isa = PBXBuildFile; fileRef = 3020C438261E2F56006257AD /* AppState.swift */; };
		3020C443261E6AD4006257AD /* GameConfigView.swift in Sources */ = {isa = PBXBuildFile; fileRef = 3020C442261E6AD4006257AD /* GameConfigView.swift */; };
		3020C44C261E722B006257AD /* ScaledToWindow.swift in Sources */ = {isa = PBXBuildFile; fileRef = 3020C44B261E722B006257AD /* ScaledToWindow.swift */; };
		302655592605564500CB1D2A /* JeopardyBoardApp.swift in Sources */ = {isa = PBXBuildFile; fileRef = 302655582605564500CB1D2A /* JeopardyBoardApp.swift */; };
		3026555B2605564500CB1D2A /* RootView.swift in Sources */ = {isa = PBXBuildFile; fileRef = 3026555A2605564500CB1D2A /* RootView.swift */; };
		3026555D2605564600CB1D2A /* Assets.xcassets in Resources */ = {isa = PBXBuildFile; fileRef = 3026555C2605564600CB1D2A /* Assets.xcassets */; };
		302655602605564600CB1D2A /* Preview Assets.xcassets in Resources */ = {isa = PBXBuildFile; fileRef = 3026555F2605564600CB1D2A /* Preview Assets.xcassets */; };
		305C19442620422100922C9E /* ControlStyles.swift in Sources */ = {isa = PBXBuildFile; fileRef = 305C19432620422100922C9E /* ControlStyles.swift */; };
		305C196C2621137600922C9E /* PTSans-Regular.ttf in Resources */ = {isa = PBXBuildFile; fileRef = 305C196B2621137600922C9E /* PTSans-Regular.ttf */; };
		305C197A2621231500922C9E /* PTSansNarrow-Bold.ttf in Resources */ = {isa = PBXBuildFile; fileRef = 305C19792621231500922C9E /* PTSansNarrow-Bold.ttf */; };
		30BC64AE2612582600AF0BC2 /* clue-set_incorrect-clue-count.json in Resources */ = {isa = PBXBuildFile; fileRef = 30BC64AD2612582600AF0BC2 /* clue-set_incorrect-clue-count.json */; };
		30BC64B226125AB900AF0BC2 /* clue-set_multiple-daily-doubles-in-category.json in Resources */ = {isa = PBXBuildFile; fileRef = 30BC64B126125AB900AF0BC2 /* clue-set_multiple-daily-doubles-in-category.json */; };
		30BC64B826125D2C00AF0BC2 /* clue-set_incorrect-point-value.json in Resources */ = {isa = PBXBuildFile; fileRef = 30BC64B726125D2C00AF0BC2 /* clue-set_incorrect-point-value.json */; };
		30BC64BE26125F0F00AF0BC2 /* clue-set_empty-answer.json in Resources */ = {isa = PBXBuildFile; fileRef = 30BC64BD26125F0F00AF0BC2 /* clue-set_empty-answer.json */; };
		30BC64C42612725300AF0BC2 /* clue-set_empty-correct-response.json in Resources */ = {isa = PBXBuildFile; fileRef = 30BC64C32612725300AF0BC2 /* clue-set_empty-correct-response.json */; };
		30BC64CA2612742800AF0BC2 /* clue-set_incorrect-daily-double-count.json in Resources */ = {isa = PBXBuildFile; fileRef = 30BC64C92612742800AF0BC2 /* clue-set_incorrect-daily-double-count.json */; };
		30BC64D02612766C00AF0BC2 /* clue-set_empty-final-jeopardy-category-title.json in Resources */ = {isa = PBXBuildFile; fileRef = 30BC64CF2612766C00AF0BC2 /* clue-set_empty-final-jeopardy-category-title.json */; };
		30BC64D62612791800AF0BC2 /* clue-set_empty-final-jeopardy-answer.json in Resources */ = {isa = PBXBuildFile; fileRef = 30BC64D52612791800AF0BC2 /* clue-set_empty-final-jeopardy-answer.json */; };
		30BC64DC26127C4400AF0BC2 /* clue-set_empty-final-jeopardy-correct-response.json in Resources */ = {isa = PBXBuildFile; fileRef = 30BC64DB26127C4400AF0BC2 /* clue-set_empty-final-jeopardy-correct-response.json */; };
		30BC64E426127F7A00AF0BC2 /* clue-set_2021-01-08.json in Resources */ = {isa = PBXBuildFile; fileRef = 30BC64E326127F7A00AF0BC2 /* clue-set_2021-01-08.json */; };
		30BC64F02612A17A00AF0BC2 /* Array+Identifiable.swift in Sources */ = {isa = PBXBuildFile; fileRef = 30BC64EF2612A17A00AF0BC2 /* Array+Identifiable.swift */; };
		30BC64F6261385B200AF0BC2 /* ArrayFirstIndexTests.swift in Sources */ = {isa = PBXBuildFile; fileRef = 30BC64F5261385B200AF0BC2 /* ArrayFirstIndexTests.swift */; };
		30BC65022613CAC600AF0BC2 /* Clue.swift in Sources */ = {isa = PBXBuildFile; fileRef = 30BC65012613CAC600AF0BC2 /* Clue.swift */; };
		30BC65082613D82E00AF0BC2 /* Category.swift in Sources */ = {isa = PBXBuildFile; fileRef = 30BC65072613D82E00AF0BC2 /* Category.swift */; };
		30BC650E2613DE8400AF0BC2 /* FinalJeopardyClue.swift in Sources */ = {isa = PBXBuildFile; fileRef = 30BC650D2613DE8400AF0BC2 /* FinalJeopardyClue.swift */; };
		30BC65122613E3F600AF0BC2 /* Player.swift in Sources */ = {isa = PBXBuildFile; fileRef = 30BC65112613E3F600AF0BC2 /* Player.swift */; };
		30BC651A26141E6F00AF0BC2 /* ClueSet.swift in Sources */ = {isa = PBXBuildFile; fileRef = 30BC651926141E6F00AF0BC2 /* ClueSet.swift */; };
		30BC65222614FB3800AF0BC2 /* clue-set_finished-clue.json in Resources */ = {isa = PBXBuildFile; fileRef = 30BC65212614FB3800AF0BC2 /* clue-set_finished-clue.json */; };
		30BC6543261A6E0C00AF0BC2 /* String+Trimmed.swift in Sources */ = {isa = PBXBuildFile; fileRef = 30BC6542261A6E0C00AF0BC2 /* String+Trimmed.swift */; };
		30BC6547261ABF3900AF0BC2 /* StringTrimmedTests.swift in Sources */ = {isa = PBXBuildFile; fileRef = 30BC6546261ABF3900AF0BC2 /* StringTrimmedTests.swift */; };
		30C0ADC3260BC1330063D58F /* InfoPlist.strings in Resources */ = {isa = PBXBuildFile; fileRef = 30C0ADC2260BC1330063D58F /* InfoPlist.strings */; };
		30C0ADCE260BE46F0063D58F /* JeopardyGame.swift in Sources */ = {isa = PBXBuildFile; fileRef = 30C0ADCD260BE46F0063D58F /* JeopardyGame.swift */; };
		30C0ADD7260C05DA0063D58F /* ClueSetTests.swift in Sources */ = {isa = PBXBuildFile; fileRef = 30C0ADD6260C05DA0063D58F /* ClueSetTests.swift */; };
		30C0AE0826101C920063D58F /* clue-set_incorrect-category-count.json in Resources */ = {isa = PBXBuildFile; fileRef = 30C0AE0726101C920063D58F /* clue-set_incorrect-category-count.json */; };
		30C0AE112610225F0063D58F /* clue-set_empty-category-title.json in Resources */ = {isa = PBXBuildFile; fileRef = 30C0AE102610225F0063D58F /* clue-set_empty-category-title.json */; };
		30E6237F26261108001D2FE4 /* PTSans-Bold.ttf in Resources */ = {isa = PBXBuildFile; fileRef = 30E6237E26261108001D2FE4 /* PTSans-Bold.ttf */; };
		30E62395262765A2001D2FE4 /* GameView.swift in Sources */ = {isa = PBXBuildFile; fileRef = 30E62394262765A2001D2FE4 /* GameView.swift */; };
		30E6239B2627769A001D2FE4 /* ExampleGame.swift in Sources */ = {isa = PBXBuildFile; fileRef = 30E6239A2627769A001D2FE4 /* ExampleGame.swift */; };
/* End PBXBuildFile section */

/* Begin PBXContainerItemProxy section */
		30C0ADD9260C05DA0063D58F /* PBXContainerItemProxy */ = {
			isa = PBXContainerItemProxy;
			containerPortal = 3026554D2605564500CB1D2A /* Project object */;
			proxyType = 1;
			remoteGlobalIDString = 302655542605564500CB1D2A;
			remoteInfo = JeopardyBoard;
		};
/* End PBXContainerItemProxy section */

/* Begin PBXFileReference section */
		3020C42F261D14B6006257AD /* clue-set_empty-image.json */ = {isa = PBXFileReference; lastKnownFileType = text.json; path = "clue-set_empty-image.json"; sourceTree = "<group>"; };
		3020C438261E2F56006257AD /* AppState.swift */ = {isa = PBXFileReference; lastKnownFileType = sourcecode.swift; path = AppState.swift; sourceTree = "<group>"; };
		3020C442261E6AD4006257AD /* GameConfigView.swift */ = {isa = PBXFileReference; lastKnownFileType = sourcecode.swift; path = GameConfigView.swift; sourceTree = "<group>"; };
		3020C44B261E722B006257AD /* ScaledToWindow.swift */ = {isa = PBXFileReference; lastKnownFileType = sourcecode.swift; path = ScaledToWindow.swift; sourceTree = "<group>"; };
		302655552605564500CB1D2A /* JeopardyBoard.app */ = {isa = PBXFileReference; explicitFileType = wrapper.application; includeInIndex = 0; path = JeopardyBoard.app; sourceTree = BUILT_PRODUCTS_DIR; };
		302655582605564500CB1D2A /* JeopardyBoardApp.swift */ = {isa = PBXFileReference; lastKnownFileType = sourcecode.swift; path = JeopardyBoardApp.swift; sourceTree = "<group>"; };
		3026555A2605564500CB1D2A /* RootView.swift */ = {isa = PBXFileReference; lastKnownFileType = sourcecode.swift; path = RootView.swift; sourceTree = "<group>"; };
		3026555C2605564600CB1D2A /* Assets.xcassets */ = {isa = PBXFileReference; lastKnownFileType = folder.assetcatalog; path = Assets.xcassets; sourceTree = "<group>"; };
		3026555F2605564600CB1D2A /* Preview Assets.xcassets */ = {isa = PBXFileReference; lastKnownFileType = folder.assetcatalog; path = "Preview Assets.xcassets"; sourceTree = "<group>"; };
		302655612605564600CB1D2A /* Info.plist */ = {isa = PBXFileReference; lastKnownFileType = text.plist.xml; path = Info.plist; sourceTree = "<group>"; };
		302655622605564600CB1D2A /* JeopardyBoard.entitlements */ = {isa = PBXFileReference; lastKnownFileType = text.plist.entitlements; path = JeopardyBoard.entitlements; sourceTree = "<group>"; };
		3026556A26056DA600CB1D2A /* .gitignore */ = {isa = PBXFileReference; lastKnownFileType = text; path = .gitignore; sourceTree = "<group>"; };
		305C19432620422100922C9E /* ControlStyles.swift */ = {isa = PBXFileReference; lastKnownFileType = sourcecode.swift; path = ControlStyles.swift; sourceTree = "<group>"; };
		305C196B2621137600922C9E /* PTSans-Regular.ttf */ = {isa = PBXFileReference; lastKnownFileType = file; path = "PTSans-Regular.ttf"; sourceTree = "<group>"; };
		305C19792621231500922C9E /* PTSansNarrow-Bold.ttf */ = {isa = PBXFileReference; lastKnownFileType = file; path = "PTSansNarrow-Bold.ttf"; sourceTree = "<group>"; };
		30BC64AD2612582600AF0BC2 /* clue-set_incorrect-clue-count.json */ = {isa = PBXFileReference; lastKnownFileType = text.json; path = "clue-set_incorrect-clue-count.json"; sourceTree = "<group>"; };
		30BC64B126125AB900AF0BC2 /* clue-set_multiple-daily-doubles-in-category.json */ = {isa = PBXFileReference; lastKnownFileType = text.json; path = "clue-set_multiple-daily-doubles-in-category.json"; sourceTree = "<group>"; };
		30BC64B726125D2C00AF0BC2 /* clue-set_incorrect-point-value.json */ = {isa = PBXFileReference; lastKnownFileType = text.json; path = "clue-set_incorrect-point-value.json"; sourceTree = "<group>"; };
		30BC64BD26125F0F00AF0BC2 /* clue-set_empty-answer.json */ = {isa = PBXFileReference; lastKnownFileType = text.json; path = "clue-set_empty-answer.json"; sourceTree = "<group>"; };
		30BC64C32612725300AF0BC2 /* clue-set_empty-correct-response.json */ = {isa = PBXFileReference; lastKnownFileType = text.json; path = "clue-set_empty-correct-response.json"; sourceTree = "<group>"; };
		30BC64C92612742800AF0BC2 /* clue-set_incorrect-daily-double-count.json */ = {isa = PBXFileReference; lastKnownFileType = text.json; path = "clue-set_incorrect-daily-double-count.json"; sourceTree = "<group>"; };
		30BC64CF2612766C00AF0BC2 /* clue-set_empty-final-jeopardy-category-title.json */ = {isa = PBXFileReference; lastKnownFileType = text.json; path = "clue-set_empty-final-jeopardy-category-title.json"; sourceTree = "<group>"; };
		30BC64D52612791800AF0BC2 /* clue-set_empty-final-jeopardy-answer.json */ = {isa = PBXFileReference; lastKnownFileType = text.json; path = "clue-set_empty-final-jeopardy-answer.json"; sourceTree = "<group>"; };
		30BC64DB26127C4400AF0BC2 /* clue-set_empty-final-jeopardy-correct-response.json */ = {isa = PBXFileReference; lastKnownFileType = text.json; path = "clue-set_empty-final-jeopardy-correct-response.json"; sourceTree = "<group>"; };
		30BC64E326127F7A00AF0BC2 /* clue-set_2021-01-08.json */ = {isa = PBXFileReference; lastKnownFileType = text.json; path = "clue-set_2021-01-08.json"; sourceTree = "<group>"; };
		30BC64EF2612A17A00AF0BC2 /* Array+Identifiable.swift */ = {isa = PBXFileReference; lastKnownFileType = sourcecode.swift; path = "Array+Identifiable.swift"; sourceTree = "<group>"; };
		30BC64F5261385B200AF0BC2 /* ArrayFirstIndexTests.swift */ = {isa = PBXFileReference; lastKnownFileType = sourcecode.swift; path = ArrayFirstIndexTests.swift; sourceTree = "<group>"; };
		30BC65012613CAC600AF0BC2 /* Clue.swift */ = {isa = PBXFileReference; lastKnownFileType = sourcecode.swift; path = Clue.swift; sourceTree = "<group>"; };
		30BC65072613D82E00AF0BC2 /* Category.swift */ = {isa = PBXFileReference; lastKnownFileType = sourcecode.swift; path = Category.swift; sourceTree = "<group>"; };
		30BC650D2613DE8400AF0BC2 /* FinalJeopardyClue.swift */ = {isa = PBXFileReference; lastKnownFileType = sourcecode.swift; path = FinalJeopardyClue.swift; sourceTree = "<group>"; };
		30BC65112613E3F600AF0BC2 /* Player.swift */ = {isa = PBXFileReference; lastKnownFileType = sourcecode.swift; path = Player.swift; sourceTree = "<group>"; };
		30BC651926141E6F00AF0BC2 /* ClueSet.swift */ = {isa = PBXFileReference; lastKnownFileType = sourcecode.swift; path = ClueSet.swift; sourceTree = "<group>"; };
		30BC65212614FB3800AF0BC2 /* clue-set_finished-clue.json */ = {isa = PBXFileReference; lastKnownFileType = text.json; path = "clue-set_finished-clue.json"; sourceTree = "<group>"; };
		30BC6542261A6E0C00AF0BC2 /* String+Trimmed.swift */ = {isa = PBXFileReference; lastKnownFileType = sourcecode.swift; path = "String+Trimmed.swift"; sourceTree = "<group>"; };
		30BC6546261ABF3900AF0BC2 /* StringTrimmedTests.swift */ = {isa = PBXFileReference; lastKnownFileType = sourcecode.swift; path = StringTrimmedTests.swift; sourceTree = "<group>"; };
		30C0ADC2260BC1330063D58F /* InfoPlist.strings */ = {isa = PBXFileReference; fileEncoding = 4; lastKnownFileType = text.plist.strings; path = InfoPlist.strings; sourceTree = "<group>"; };
		30C0ADCD260BE46F0063D58F /* JeopardyGame.swift */ = {isa = PBXFileReference; fileEncoding = 4; lastKnownFileType = sourcecode.swift; path = JeopardyGame.swift; sourceTree = "<group>"; };
		30C0ADD4260C05DA0063D58F /* JeopardyBoardTests.xctest */ = {isa = PBXFileReference; explicitFileType = wrapper.cfbundle; includeInIndex = 0; path = JeopardyBoardTests.xctest; sourceTree = BUILT_PRODUCTS_DIR; };
		30C0ADD6260C05DA0063D58F /* ClueSetTests.swift */ = {isa = PBXFileReference; lastKnownFileType = sourcecode.swift; path = ClueSetTests.swift; sourceTree = "<group>"; };
		30C0ADD8260C05DA0063D58F /* Info.plist */ = {isa = PBXFileReference; lastKnownFileType = text.plist.xml; path = Info.plist; sourceTree = "<group>"; };
		30C0AE0726101C920063D58F /* clue-set_incorrect-category-count.json */ = {isa = PBXFileReference; lastKnownFileType = text.json; path = "clue-set_incorrect-category-count.json"; sourceTree = "<group>"; };
		30C0AE102610225F0063D58F /* clue-set_empty-category-title.json */ = {isa = PBXFileReference; lastKnownFileType = text.json; path = "clue-set_empty-category-title.json"; sourceTree = "<group>"; };
		30C4C71F2608501E00AC46B6 /* README.md */ = {isa = PBXFileReference; lastKnownFileType = net.daringfireball.markdown; path = README.md; sourceTree = "<group>"; };
		30E6237E26261108001D2FE4 /* PTSans-Bold.ttf */ = {isa = PBXFileReference; lastKnownFileType = file; path = "PTSans-Bold.ttf"; sourceTree = "<group>"; };
		30E6238626263912001D2FE4 /* start_a_new_game.png */ = {isa = PBXFileReference; lastKnownFileType = image.png; path = start_a_new_game.png; sourceTree = "<group>"; };
		30E62394262765A2001D2FE4 /* GameView.swift */ = {isa = PBXFileReference; lastKnownFileType = sourcecode.swift; path = GameView.swift; sourceTree = "<group>"; };
		30E6239A2627769A001D2FE4 /* ExampleGame.swift */ = {isa = PBXFileReference; lastKnownFileType = sourcecode.swift; path = ExampleGame.swift; sourceTree = "<group>"; };
/* End PBXFileReference section */

/* Begin PBXFrameworksBuildPhase section */
		302655522605564500CB1D2A /* Frameworks */ = {
			isa = PBXFrameworksBuildPhase;
			buildActionMask = 2147483647;
			files = (
			);
			runOnlyForDeploymentPostprocessing = 0;
		};
		30C0ADD1260C05DA0063D58F /* Frameworks */ = {
			isa = PBXFrameworksBuildPhase;
			buildActionMask = 2147483647;
			files = (
			);
			runOnlyForDeploymentPostprocessing = 0;
		};
/* End PBXFrameworksBuildPhase section */

/* Begin PBXGroup section */
		3020C44A261E7152006257AD /* View Modifiers */ = {
			isa = PBXGroup;
			children = (
				3020C44B261E722B006257AD /* ScaledToWindow.swift */,
			);
			path = "View Modifiers";
			sourceTree = "<group>";
		};
		3026554C2605564500CB1D2A = {
			isa = PBXGroup;
			children = (
				30C4C71F2608501E00AC46B6 /* README.md */,
				3026556A26056DA600CB1D2A /* .gitignore */,
				30E6238526263878001D2FE4 /* Screenshots */,
				302655572605564500CB1D2A /* JeopardyBoard */,
				30C0ADD5260C05DA0063D58F /* JeopardyBoardTests */,
				302655562605564500CB1D2A /* Products */,
			);
			sourceTree = "<group>";
		};
		302655562605564500CB1D2A /* Products */ = {
			isa = PBXGroup;
			children = (
				302655552605564500CB1D2A /* JeopardyBoard.app */,
				30C0ADD4260C05DA0063D58F /* JeopardyBoardTests.xctest */,
			);
			name = Products;
			sourceTree = "<group>";
		};
		302655572605564500CB1D2A /* JeopardyBoard */ = {
			isa = PBXGroup;
			children = (
				3020C438261E2F56006257AD /* AppState.swift */,
				305C19432620422100922C9E /* ControlStyles.swift */,
				302655582605564500CB1D2A /* JeopardyBoardApp.swift */,
				30C0ADCC260BE3F60063D58F /* Models */,
				3020C44A261E7152006257AD /* View Modifiers */,
				3026556C2605715F00CB1D2A /* Views */,
				30BC653F261A6D8700AF0BC2 /* Extensions */,
				30C4C71626059DC900AC46B6 /* Supporting Files */,
				3026555E2605564600CB1D2A /* Preview Content */,
			);
			path = JeopardyBoard;
			sourceTree = "<group>";
		};
		3026555E2605564600CB1D2A /* Preview Content */ = {
			isa = PBXGroup;
			children = (
				3026555F2605564600CB1D2A /* Preview Assets.xcassets */,
			);
			path = "Preview Content";
			sourceTree = "<group>";
		};
		3026556C2605715F00CB1D2A /* Views */ = {
			isa = PBXGroup;
			children = (
				3020C442261E6AD4006257AD /* GameConfigView.swift */,
				30E62394262765A2001D2FE4 /* GameView.swift */,
				3026555A2605564500CB1D2A /* RootView.swift */,
			);
			path = Views;
			sourceTree = "<group>";
		};
		305C195B26210A5300922C9E /* Fonts */ = {
			isa = PBXGroup;
			children = (
				30E6237E26261108001D2FE4 /* PTSans-Bold.ttf */,
				305C196B2621137600922C9E /* PTSans-Regular.ttf */,
				305C19792621231500922C9E /* PTSansNarrow-Bold.ttf */,
			);
			path = Fonts;
			sourceTree = "<group>";
		};
		30BC653F261A6D8700AF0BC2 /* Extensions */ = {
			isa = PBXGroup;
			children = (
				30BC64EF2612A17A00AF0BC2 /* Array+Identifiable.swift */,
				30BC6542261A6E0C00AF0BC2 /* String+Trimmed.swift */,
			);
			path = Extensions;
			sourceTree = "<group>";
		};
		30C0ADCC260BE3F60063D58F /* Models */ = {
			isa = PBXGroup;
			children = (
				30BC65072613D82E00AF0BC2 /* Category.swift */,
				30BC65012613CAC600AF0BC2 /* Clue.swift */,
				30BC651926141E6F00AF0BC2 /* ClueSet.swift */,
				30BC650D2613DE8400AF0BC2 /* FinalJeopardyClue.swift */,
				30C0ADCD260BE46F0063D58F /* JeopardyGame.swift */,
				30BC65112613E3F600AF0BC2 /* Player.swift */,
			);
			path = Models;
			sourceTree = "<group>";
		};
		30C0ADD5260C05DA0063D58F /* JeopardyBoardTests */ = {
			isa = PBXGroup;
			children = (
				30BC64F5261385B200AF0BC2 /* ArrayFirstIndexTests.swift */,
				30BC6546261ABF3900AF0BC2 /* StringTrimmedTests.swift */,
				30C0ADE0260C3BD40063D58F /* Model Tests */,
				30C0AE0B26101CB30063D58F /* Examples */,
				30C0ADD8260C05DA0063D58F /* Info.plist */,
			);
			path = JeopardyBoardTests;
			sourceTree = "<group>";
		};
		30C0ADE0260C3BD40063D58F /* Model Tests */ = {
			isa = PBXGroup;
			children = (
				30C0ADD6260C05DA0063D58F /* ClueSetTests.swift */,
			);
			path = "Model Tests";
			sourceTree = "<group>";
		};
		30C0AE0B26101CB30063D58F /* Examples */ = {
			isa = PBXGroup;
			children = (
				30BC64E326127F7A00AF0BC2 /* clue-set_2021-01-08.json */,
				30BC64BD26125F0F00AF0BC2 /* clue-set_empty-answer.json */,
				30C0AE102610225F0063D58F /* clue-set_empty-category-title.json */,
				30BC64C32612725300AF0BC2 /* clue-set_empty-correct-response.json */,
				30BC64D52612791800AF0BC2 /* clue-set_empty-final-jeopardy-answer.json */,
				30BC64CF2612766C00AF0BC2 /* clue-set_empty-final-jeopardy-category-title.json */,
				30BC64DB26127C4400AF0BC2 /* clue-set_empty-final-jeopardy-correct-response.json */,
				3020C42F261D14B6006257AD /* clue-set_empty-image.json */,
				30BC65212614FB3800AF0BC2 /* clue-set_finished-clue.json */,
				30C0AE0726101C920063D58F /* clue-set_incorrect-category-count.json */,
				30BC64AD2612582600AF0BC2 /* clue-set_incorrect-clue-count.json */,
				30BC64C92612742800AF0BC2 /* clue-set_incorrect-daily-double-count.json */,
				30BC64B726125D2C00AF0BC2 /* clue-set_incorrect-point-value.json */,
				30BC64B126125AB900AF0BC2 /* clue-set_multiple-daily-doubles-in-category.json */,
			);
			path = Examples;
			sourceTree = "<group>";
		};
		30C4C71626059DC900AC46B6 /* Supporting Files */ = {
			isa = PBXGroup;
			children = (
				3026555C2605564600CB1D2A /* Assets.xcassets */,
				305C195B26210A5300922C9E /* Fonts */,
				30E6239A2627769A001D2FE4 /* ExampleGame.swift */,
				302655612605564600CB1D2A /* Info.plist */,
				30C0ADC2260BC1330063D58F /* InfoPlist.strings */,
				302655622605564600CB1D2A /* JeopardyBoard.entitlements */,
			);
			name = "Supporting Files";
			sourceTree = "<group>";
		};
		30E6238526263878001D2FE4 /* Screenshots */ = {
			isa = PBXGroup;
			children = (
				30E6238626263912001D2FE4 /* start_a_new_game.png */,
			);
			path = Screenshots;
			sourceTree = "<group>";
		};
/* End PBXGroup section */

/* Begin PBXNativeTarget section */
		302655542605564500CB1D2A /* JeopardyBoard */ = {
			isa = PBXNativeTarget;
			buildConfigurationList = 302655652605564600CB1D2A /* Build configuration list for PBXNativeTarget "JeopardyBoard" */;
			buildPhases = (
				302655512605564500CB1D2A /* Sources */,
				302655522605564500CB1D2A /* Frameworks */,
				302655532605564500CB1D2A /* Resources */,
			);
			buildRules = (
			);
			dependencies = (
			);
			name = JeopardyBoard;
			productName = JeopardyBoard;
			productReference = 302655552605564500CB1D2A /* JeopardyBoard.app */;
			productType = "com.apple.product-type.application";
		};
		30C0ADD3260C05DA0063D58F /* JeopardyBoardTests */ = {
			isa = PBXNativeTarget;
			buildConfigurationList = 30C0ADDB260C05DA0063D58F /* Build configuration list for PBXNativeTarget "JeopardyBoardTests" */;
			buildPhases = (
				30C0ADD0260C05DA0063D58F /* Sources */,
				30C0ADD1260C05DA0063D58F /* Frameworks */,
				30C0ADD2260C05DA0063D58F /* Resources */,
			);
			buildRules = (
			);
			dependencies = (
				30C0ADDA260C05DA0063D58F /* PBXTargetDependency */,
			);
			name = JeopardyBoardTests;
			productName = JeopardyBoardTests;
			productReference = 30C0ADD4260C05DA0063D58F /* JeopardyBoardTests.xctest */;
			productType = "com.apple.product-type.bundle.unit-test";
		};
/* End PBXNativeTarget section */

/* Begin PBXProject section */
		3026554D2605564500CB1D2A /* Project object */ = {
			isa = PBXProject;
			attributes = {
				LastSwiftUpdateCheck = 1240;
				LastUpgradeCheck = 1240;
				TargetAttributes = {
					302655542605564500CB1D2A = {
						CreatedOnToolsVersion = 12.4;
					};
					30C0ADD3260C05DA0063D58F = {
						CreatedOnToolsVersion = 12.4;
						TestTargetID = 302655542605564500CB1D2A;
					};
				};
			};
			buildConfigurationList = 302655502605564500CB1D2A /* Build configuration list for PBXProject "JeopardyBoard" */;
			compatibilityVersion = "Xcode 9.3";
			developmentRegion = en;
			hasScannedForEncodings = 0;
			knownRegions = (
				en,
				Base,
			);
			mainGroup = 3026554C2605564500CB1D2A;
			productRefGroup = 302655562605564500CB1D2A /* Products */;
			projectDirPath = "";
			projectRoot = "";
			targets = (
				302655542605564500CB1D2A /* JeopardyBoard */,
				30C0ADD3260C05DA0063D58F /* JeopardyBoardTests */,
			);
		};
/* End PBXProject section */

/* Begin PBXResourcesBuildPhase section */
		302655532605564500CB1D2A /* Resources */ = {
			isa = PBXResourcesBuildPhase;
			buildActionMask = 2147483647;
			files = (
				3026555D2605564600CB1D2A /* Assets.xcassets in Resources */,
				305C196C2621137600922C9E /* PTSans-Regular.ttf in Resources */,
				30E6237F26261108001D2FE4 /* PTSans-Bold.ttf in Resources */,
				305C197A2621231500922C9E /* PTSansNarrow-Bold.ttf in Resources */,
				30C0ADC3260BC1330063D58F /* InfoPlist.strings in Resources */,
				302655602605564600CB1D2A /* Preview Assets.xcassets in Resources */,
			);
			runOnlyForDeploymentPostprocessing = 0;
		};
		30C0ADD2260C05DA0063D58F /* Resources */ = {
			isa = PBXResourcesBuildPhase;
			buildActionMask = 2147483647;
			files = (
				30BC64E426127F7A00AF0BC2 /* clue-set_2021-01-08.json in Resources */,
				30BC64BE26125F0F00AF0BC2 /* clue-set_empty-answer.json in Resources */,
				30C0AE112610225F0063D58F /* clue-set_empty-category-title.json in Resources */,
				30BC64C42612725300AF0BC2 /* clue-set_empty-correct-response.json in Resources */,
				30BC64D62612791800AF0BC2 /* clue-set_empty-final-jeopardy-answer.json in Resources */,
				30BC64D02612766C00AF0BC2 /* clue-set_empty-final-jeopardy-category-title.json in Resources */,
				30BC64DC26127C4400AF0BC2 /* clue-set_empty-final-jeopardy-correct-response.json in Resources */,
				3020C430261D14B6006257AD /* clue-set_empty-image.json in Resources */,
				30BC65222614FB3800AF0BC2 /* clue-set_finished-clue.json in Resources */,
				30C0AE0826101C920063D58F /* clue-set_incorrect-category-count.json in Resources */,
				30BC64AE2612582600AF0BC2 /* clue-set_incorrect-clue-count.json in Resources */,
				30BC64CA2612742800AF0BC2 /* clue-set_incorrect-daily-double-count.json in Resources */,
				30BC64B826125D2C00AF0BC2 /* clue-set_incorrect-point-value.json in Resources */,
				30BC64B226125AB900AF0BC2 /* clue-set_multiple-daily-doubles-in-category.json in Resources */,
			);
			runOnlyForDeploymentPostprocessing = 0;
		};
/* End PBXResourcesBuildPhase section */

/* Begin PBXSourcesBuildPhase section */
		302655512605564500CB1D2A /* Sources */ = {
			isa = PBXSourcesBuildPhase;
			buildActionMask = 2147483647;
			files = (
				302655592605564500CB1D2A /* JeopardyBoardApp.swift in Sources */,
				3020C439261E2F56006257AD /* AppState.swift in Sources */,
				305C19442620422100922C9E /* ControlStyles.swift in Sources */,
				30BC64F02612A17A00AF0BC2 /* Array+Identifiable.swift in Sources */,
				30BC6543261A6E0C00AF0BC2 /* String+Trimmed.swift in Sources */,
				30BC65082613D82E00AF0BC2 /* Category.swift in Sources */,
				30BC65022613CAC600AF0BC2 /* Clue.swift in Sources */,
				30BC651A26141E6F00AF0BC2 /* ClueSet.swift in Sources */,
				30BC650E2613DE8400AF0BC2 /* FinalJeopardyClue.swift in Sources */,
				30C0ADCE260BE46F0063D58F /* JeopardyGame.swift in Sources */,
				30BC65122613E3F600AF0BC2 /* Player.swift in Sources */,
				3026555B2605564500CB1D2A /* RootView.swift in Sources */,
				3020C443261E6AD4006257AD /* GameConfigView.swift in Sources */,
				30E62395262765A2001D2FE4 /* GameView.swift in Sources */,
				3020C44C261E722B006257AD /* ScaledToWindow.swift in Sources */,
				30E6239B2627769A001D2FE4 /* ExampleGame.swift in Sources */,
			);
			runOnlyForDeploymentPostprocessing = 0;
		};
		30C0ADD0260C05DA0063D58F /* Sources */ = {
			isa = PBXSourcesBuildPhase;
			buildActionMask = 2147483647;
			files = (
				30BC64F6261385B200AF0BC2 /* ArrayFirstIndexTests.swift in Sources */,
				30BC6547261ABF3900AF0BC2 /* StringTrimmedTests.swift in Sources */,
				30C0ADD7260C05DA0063D58F /* ClueSetTests.swift in Sources */,
			);
			runOnlyForDeploymentPostprocessing = 0;
		};
/* End PBXSourcesBuildPhase section */

/* Begin PBXTargetDependency section */
		30C0ADDA260C05DA0063D58F /* PBXTargetDependency */ = {
			isa = PBXTargetDependency;
			target = 302655542605564500CB1D2A /* JeopardyBoard */;
			targetProxy = 30C0ADD9260C05DA0063D58F /* PBXContainerItemProxy */;
		};
/* End PBXTargetDependency section */

/* Begin XCBuildConfiguration section */
		302655632605564600CB1D2A /* Debug */ = {
			isa = XCBuildConfiguration;
			buildSettings = {
				ALWAYS_SEARCH_USER_PATHS = NO;
				CLANG_ANALYZER_NONNULL = YES;
				CLANG_ANALYZER_NUMBER_OBJECT_CONVERSION = YES_AGGRESSIVE;
				CLANG_CXX_LANGUAGE_STANDARD = "gnu++14";
				CLANG_CXX_LIBRARY = "libc++";
				CLANG_ENABLE_MODULES = YES;
				CLANG_ENABLE_OBJC_ARC = YES;
				CLANG_ENABLE_OBJC_WEAK = YES;
				CLANG_WARN_BLOCK_CAPTURE_AUTORELEASING = YES;
				CLANG_WARN_BOOL_CONVERSION = YES;
				CLANG_WARN_COMMA = YES;
				CLANG_WARN_CONSTANT_CONVERSION = YES;
				CLANG_WARN_DEPRECATED_OBJC_IMPLEMENTATIONS = YES;
				CLANG_WARN_DIRECT_OBJC_ISA_USAGE = YES_ERROR;
				CLANG_WARN_DOCUMENTATION_COMMENTS = YES;
				CLANG_WARN_EMPTY_BODY = YES;
				CLANG_WARN_ENUM_CONVERSION = YES;
				CLANG_WARN_INFINITE_RECURSION = YES;
				CLANG_WARN_INT_CONVERSION = YES;
				CLANG_WARN_NON_LITERAL_NULL_CONVERSION = YES;
				CLANG_WARN_OBJC_IMPLICIT_RETAIN_SELF = YES;
				CLANG_WARN_OBJC_LITERAL_CONVERSION = YES;
				CLANG_WARN_OBJC_ROOT_CLASS = YES_ERROR;
				CLANG_WARN_QUOTED_INCLUDE_IN_FRAMEWORK_HEADER = YES;
				CLANG_WARN_RANGE_LOOP_ANALYSIS = YES;
				CLANG_WARN_STRICT_PROTOTYPES = YES;
				CLANG_WARN_SUSPICIOUS_MOVE = YES;
				CLANG_WARN_UNGUARDED_AVAILABILITY = YES_AGGRESSIVE;
				CLANG_WARN_UNREACHABLE_CODE = YES;
				CLANG_WARN__DUPLICATE_METHOD_MATCH = YES;
				COPY_PHASE_STRIP = NO;
				DEBUG_INFORMATION_FORMAT = dwarf;
				ENABLE_STRICT_OBJC_MSGSEND = YES;
				ENABLE_TESTABILITY = YES;
				GCC_C_LANGUAGE_STANDARD = gnu11;
				GCC_DYNAMIC_NO_PIC = NO;
				GCC_NO_COMMON_BLOCKS = YES;
				GCC_OPTIMIZATION_LEVEL = 0;
				GCC_PREPROCESSOR_DEFINITIONS = (
					"DEBUG=1",
					"$(inherited)",
				);
				GCC_WARN_64_TO_32_BIT_CONVERSION = YES;
				GCC_WARN_ABOUT_RETURN_TYPE = YES_ERROR;
				GCC_WARN_UNDECLARED_SELECTOR = YES;
				GCC_WARN_UNINITIALIZED_AUTOS = YES_AGGRESSIVE;
				GCC_WARN_UNUSED_FUNCTION = YES;
				GCC_WARN_UNUSED_VARIABLE = YES;
				MACOSX_DEPLOYMENT_TARGET = 11.1;
				MTL_ENABLE_DEBUG_INFO = INCLUDE_SOURCE;
				MTL_FAST_MATH = YES;
				ONLY_ACTIVE_ARCH = YES;
				SDKROOT = macosx;
				SWIFT_ACTIVE_COMPILATION_CONDITIONS = DEBUG;
				SWIFT_OPTIMIZATION_LEVEL = "-Onone";
			};
			name = Debug;
		};
		302655642605564600CB1D2A /* Release */ = {
			isa = XCBuildConfiguration;
			buildSettings = {
				ALWAYS_SEARCH_USER_PATHS = NO;
				CLANG_ANALYZER_NONNULL = YES;
				CLANG_ANALYZER_NUMBER_OBJECT_CONVERSION = YES_AGGRESSIVE;
				CLANG_CXX_LANGUAGE_STANDARD = "gnu++14";
				CLANG_CXX_LIBRARY = "libc++";
				CLANG_ENABLE_MODULES = YES;
				CLANG_ENABLE_OBJC_ARC = YES;
				CLANG_ENABLE_OBJC_WEAK = YES;
				CLANG_WARN_BLOCK_CAPTURE_AUTORELEASING = YES;
				CLANG_WARN_BOOL_CONVERSION = YES;
				CLANG_WARN_COMMA = YES;
				CLANG_WARN_CONSTANT_CONVERSION = YES;
				CLANG_WARN_DEPRECATED_OBJC_IMPLEMENTATIONS = YES;
				CLANG_WARN_DIRECT_OBJC_ISA_USAGE = YES_ERROR;
				CLANG_WARN_DOCUMENTATION_COMMENTS = YES;
				CLANG_WARN_EMPTY_BODY = YES;
				CLANG_WARN_ENUM_CONVERSION = YES;
				CLANG_WARN_INFINITE_RECURSION = YES;
				CLANG_WARN_INT_CONVERSION = YES;
				CLANG_WARN_NON_LITERAL_NULL_CONVERSION = YES;
				CLANG_WARN_OBJC_IMPLICIT_RETAIN_SELF = YES;
				CLANG_WARN_OBJC_LITERAL_CONVERSION = YES;
				CLANG_WARN_OBJC_ROOT_CLASS = YES_ERROR;
				CLANG_WARN_QUOTED_INCLUDE_IN_FRAMEWORK_HEADER = YES;
				CLANG_WARN_RANGE_LOOP_ANALYSIS = YES;
				CLANG_WARN_STRICT_PROTOTYPES = YES;
				CLANG_WARN_SUSPICIOUS_MOVE = YES;
				CLANG_WARN_UNGUARDED_AVAILABILITY = YES_AGGRESSIVE;
				CLANG_WARN_UNREACHABLE_CODE = YES;
				CLANG_WARN__DUPLICATE_METHOD_MATCH = YES;
				COPY_PHASE_STRIP = NO;
				DEBUG_INFORMATION_FORMAT = "dwarf-with-dsym";
				ENABLE_NS_ASSERTIONS = NO;
				ENABLE_STRICT_OBJC_MSGSEND = YES;
				GCC_C_LANGUAGE_STANDARD = gnu11;
				GCC_NO_COMMON_BLOCKS = YES;
				GCC_WARN_64_TO_32_BIT_CONVERSION = YES;
				GCC_WARN_ABOUT_RETURN_TYPE = YES_ERROR;
				GCC_WARN_UNDECLARED_SELECTOR = YES;
				GCC_WARN_UNINITIALIZED_AUTOS = YES_AGGRESSIVE;
				GCC_WARN_UNUSED_FUNCTION = YES;
				GCC_WARN_UNUSED_VARIABLE = YES;
				MACOSX_DEPLOYMENT_TARGET = 11.1;
				MTL_ENABLE_DEBUG_INFO = NO;
				MTL_FAST_MATH = YES;
				SDKROOT = macosx;
				SWIFT_COMPILATION_MODE = wholemodule;
				SWIFT_OPTIMIZATION_LEVEL = "-O";
			};
			name = Release;
		};
		302655662605564600CB1D2A /* Debug */ = {
			isa = XCBuildConfiguration;
			buildSettings = {
				ASSETCATALOG_COMPILER_APPICON_NAME = AppIcon;
				ASSETCATALOG_COMPILER_GLOBAL_ACCENT_COLOR_NAME = AccentColor;
				CODE_SIGN_ENTITLEMENTS = JeopardyBoard/JeopardyBoard.entitlements;
				CODE_SIGN_STYLE = Automatic;
				COMBINE_HIDPI_IMAGES = YES;
				DEVELOPMENT_ASSET_PATHS = "\"JeopardyBoard/Preview Content\"";
				DEVELOPMENT_TEAM = R6U5GZ53KJ;
				ENABLE_HARDENED_RUNTIME = YES;
				ENABLE_PREVIEWS = YES;
				INFOPLIST_FILE = JeopardyBoard/Info.plist;
				LD_RUNPATH_SEARCH_PATHS = (
					"$(inherited)",
					"@executable_path/../Frameworks",
				);
				MACOSX_DEPLOYMENT_TARGET = 11.0;
				MARKETING_VERSION = 0.0.1;
				PRODUCT_BUNDLE_IDENTIFIER = io.github.kristorres.JeopardyBoard;
				PRODUCT_NAME = "$(TARGET_NAME)";
				SWIFT_VERSION = 5.0;
			};
			name = Debug;
		};
		302655672605564600CB1D2A /* Release */ = {
			isa = XCBuildConfiguration;
			buildSettings = {
				ASSETCATALOG_COMPILER_APPICON_NAME = AppIcon;
				ASSETCATALOG_COMPILER_GLOBAL_ACCENT_COLOR_NAME = AccentColor;
				CODE_SIGN_ENTITLEMENTS = JeopardyBoard/JeopardyBoard.entitlements;
				CODE_SIGN_STYLE = Automatic;
				COMBINE_HIDPI_IMAGES = YES;
				DEVELOPMENT_ASSET_PATHS = "\"JeopardyBoard/Preview Content\"";
				DEVELOPMENT_TEAM = R6U5GZ53KJ;
				ENABLE_HARDENED_RUNTIME = YES;
				ENABLE_PREVIEWS = YES;
				INFOPLIST_FILE = JeopardyBoard/Info.plist;
				LD_RUNPATH_SEARCH_PATHS = (
					"$(inherited)",
					"@executable_path/../Frameworks",
				);
				MACOSX_DEPLOYMENT_TARGET = 11.0;
				MARKETING_VERSION = 0.0.1;
				PRODUCT_BUNDLE_IDENTIFIER = io.github.kristorres.JeopardyBoard;
				PRODUCT_NAME = "$(TARGET_NAME)";
				SWIFT_VERSION = 5.0;
			};
			name = Release;
		};
		30C0ADDC260C05DA0063D58F /* Debug */ = {
			isa = XCBuildConfiguration;
			buildSettings = {
				BUNDLE_LOADER = "$(TEST_HOST)";
				CODE_SIGN_STYLE = Automatic;
				COMBINE_HIDPI_IMAGES = YES;
				DEVELOPMENT_TEAM = R6U5GZ53KJ;
				INFOPLIST_FILE = JeopardyBoardTests/Info.plist;
				LD_RUNPATH_SEARCH_PATHS = (
					"$(inherited)",
					"@executable_path/../Frameworks",
					"@loader_path/../Frameworks",
				);
				PRODUCT_BUNDLE_IDENTIFIER = io.github.kristorres.JeopardyBoardTests;
				PRODUCT_NAME = "$(TARGET_NAME)";
				SWIFT_VERSION = 5.0;
				TEST_HOST = "$(BUILT_PRODUCTS_DIR)/JeopardyBoard.app/Contents/MacOS/JeopardyBoard";
			};
			name = Debug;
		};
		30C0ADDD260C05DA0063D58F /* Release */ = {
			isa = XCBuildConfiguration;
			buildSettings = {
				BUNDLE_LOADER = "$(TEST_HOST)";
				CODE_SIGN_STYLE = Automatic;
				COMBINE_HIDPI_IMAGES = YES;
				DEVELOPMENT_TEAM = R6U5GZ53KJ;
				INFOPLIST_FILE = JeopardyBoardTests/Info.plist;
				LD_RUNPATH_SEARCH_PATHS = (
					"$(inherited)",
					"@executable_path/../Frameworks",
					"@loader_path/../Frameworks",
				);
				PRODUCT_BUNDLE_IDENTIFIER = io.github.kristorres.JeopardyBoardTests;
				PRODUCT_NAME = "$(TARGET_NAME)";
				SWIFT_VERSION = 5.0;
				TEST_HOST = "$(BUILT_PRODUCTS_DIR)/JeopardyBoard.app/Contents/MacOS/JeopardyBoard";
			};
			name = Release;
		};
/* End XCBuildConfiguration section */

/* Begin XCConfigurationList section */
		302655502605564500CB1D2A /* Build configuration list for PBXProject "JeopardyBoard" */ = {
			isa = XCConfigurationList;
			buildConfigurations = (
				302655632605564600CB1D2A /* Debug */,
				302655642605564600CB1D2A /* Release */,
			);
			defaultConfigurationIsVisible = 0;
			defaultConfigurationName = Release;
		};
		302655652605564600CB1D2A /* Build configuration list for PBXNativeTarget "JeopardyBoard" */ = {
			isa = XCConfigurationList;
			buildConfigurations = (
				302655662605564600CB1D2A /* Debug */,
				302655672605564600CB1D2A /* Release */,
			);
			defaultConfigurationIsVisible = 0;
			defaultConfigurationName = Release;
		};
		30C0ADDB260C05DA0063D58F /* Build configuration list for PBXNativeTarget "JeopardyBoardTests" */ = {
			isa = XCConfigurationList;
			buildConfigurations = (
				30C0ADDC260C05DA0063D58F /* Debug */,
				30C0ADDD260C05DA0063D58F /* Release */,
			);
			defaultConfigurationIsVisible = 0;
			defaultConfigurationName = Release;
		};
/* End XCConfigurationList section */
	};
	rootObject = 3026554D2605564500CB1D2A /* Project object */;
}
